
Microsoft Visual Studio Solution File, Format Version 12.00
# Visual Studio Version 16
VisualStudioVersion = 16.0.30011.22
MinimumVisualStudioVersion = 10.0.40219.1
Project("{FAE04EC0-301F-11D3-BF4B-00C04F79EFBC}") = "AccountOwnerServer", "AccountOwnerServer\AccountOwnerServer.csproj", "{F4020B23-BEA8-4E10-8643-BF76B8EA8888}"
EndProject
Project("{FAE04EC0-301F-11D3-BF4B-00C04F79EFBC}") = "Contracts", "Contracts\Contracts.csproj", "{33FF4B76-7920-4B84-83BA-2A3064163A57}"
EndProject
Project("{FAE04EC0-301F-11D3-BF4B-00C04F79EFBC}") = "LoggerService", "LoggerService\LoggerService.csproj", "{F9886A1D-4E15-44B6-848F-F5A9100A97BD}"
EndProject
Project("{FAE04EC0-301F-11D3-BF4B-00C04F79EFBC}") = "Entities", "Entities\Entities.csproj", "{C76DE377-69FD-46FF-AD86-1F012C1F5336}"
EndProject
Project("{FAE04EC0-301F-11D3-BF4B-00C04F79EFBC}") = "Repository", "Repository\Repository.csproj", "{13CEF5B5-A661-45E0-893A-BCB77944C20B}"
EndProject
Global
	GlobalSection(SolutionConfigurationPlatforms) = preSolution
		Debug|Any CPU = Debug|Any CPU
		Release|Any CPU = Release|Any CPU
	EndGlobalSection
	GlobalSection(ProjectConfigurationPlatforms) = postSolution
		{F4020B23-BEA8-4E10-8643-BF76B8EA8888}.Debug|Any CPU.ActiveCfg = Debug|Any CPU
		{F4020B23-BEA8-4E10-8643-BF76B8EA8888}.Debug|Any CPU.Build.0 = Debug|Any CPU
		{F4020B23-BEA8-4E10-8643-BF76B8EA8888}.Release|Any CPU.ActiveCfg = Release|Any CPU
		{F4020B23-BEA8-4E10-8643-BF76B8EA8888}.Release|Any CPU.Build.0 = Release|Any CPU
		{33FF4B76-7920-4B84-83BA-2A3064163A57}.Debug|Any CPU.ActiveCfg = Debug|Any CPU
		{33FF4B76-7920-4B84-83BA-2A3064163A57}.Debug|Any CPU.Build.0 = Debug|Any CPU
		{33FF4B76-7920-4B84-83BA-2A3064163A57}.Release|Any CPU.ActiveCfg = Release|Any CPU
		{33FF4B76-7920-4B84-83BA-2A3064163A57}.Release|Any CPU.Build.0 = Release|Any CPU
		{F9886A1D-4E15-44B6-848F-F5A9100A97BD}.Debug|Any CPU.ActiveCfg = Debug|Any CPU
		{F9886A1D-4E15-44B6-848F-F5A9100A97BD}.Debug|Any CPU.Build.0 = Debug|Any CPU
		{F9886A1D-4E15-44B6-848F-F5A9100A97BD}.Release|Any CPU.ActiveCfg = Release|Any CPU
		{F9886A1D-4E15-44B6-848F-F5A9100A97BD}.Release|Any CPU.Build.0 = Release|Any CPU
		{C76DE377-69FD-46FF-AD86-1F012C1F5336}.Debug|Any CPU.ActiveCfg = Debug|Any CPU
		{C76DE377-69FD-46FF-AD86-1F012C1F5336}.Debug|Any CPU.Build.0 = Debug|Any CPU
		{C76DE377-69FD-46FF-AD86-1F012C1F5336}.Release|Any CPU.ActiveCfg = Release|Any CPU
		{C76DE377-69FD-46FF-AD86-1F012C1F5336}.Release|Any CPU.Build.0 = Release|Any CPU
		{13CEF5B5-A661-45E0-893A-BCB77944C20B}.Debug|Any CPU.ActiveCfg = Debug|Any CPU
		{13CEF5B5-A661-45E0-893A-BCB77944C20B}.Debug|Any CPU.Build.0 = Debug|Any CPU
		{13CEF5B5-A661-45E0-893A-BCB77944C20B}.Release|Any CPU.ActiveCfg = Release|Any CPU
		{13CEF5B5-A661-45E0-893A-BCB77944C20B}.Release|Any CPU.Build.0 = Release|Any CPU
	EndGlobalSection
	GlobalSection(SolutionProperties) = preSolution
		HideSolutionNode = FALSE
	EndGlobalSection
	GlobalSection(ExtensibilityGlobals) = postSolution
		SolutionGuid = {D54F9DFD-7600-4FA7-B40C-87D6F68BC40F}
	EndGlobalSection
EndGlobal
